
Microsoft Visual Studio Solution File, Format Version 12.00
# Visual Studio 15
VisualStudioVersion = 15.0.28307.572
MinimumVisualStudioVersion = 10.0.40219.1
Project("{2150E333-8FDC-42A3-9474-1A3956D46DE8}") = "applicacion Layer", "applicacion Layer", "{597B9C89-8E3F-4118-A58D-3CF77F23C1E7}"
EndProject
Project("{2150E333-8FDC-42A3-9474-1A3956D46DE8}") = "Domain Layer", "Domain Layer", "{20FEBA23-AC9F-42C6-A1FB-2B4A4FFB1093}"
EndProject
Project("{2150E333-8FDC-42A3-9474-1A3956D46DE8}") = "Infraestructure Layer", "Infraestructure Layer", "{53001F2F-541D-46EF-A56F-42E74A273A74}"
EndProject
Project("{FAE04EC0-301F-11D3-BF4B-00C04F79EFBC}") = "Software.Comercial.Credito.WcfService", "Software.Comercial.Credito.WcfService\Software.Comercial.Credito.WcfService.csproj", "{7476C855-215A-4F52-B376-87626C4CDCEB}"
EndProject
Project("{FAE04EC0-301F-11D3-BF4B-00C04F79EFBC}") = "Software.Comercial.Credito.Dominio1", "Software.Comercial.Credito.Dominio1\Software.Comercial.Credito.Dominio1.csproj", "{633D7E06-EFFF-475F-A40B-5E11D51F2765}"
EndProject
Project("{FAE04EC0-301F-11D3-BF4B-00C04F79EFBC}") = "Software.Comercial.Credito.Contrato", "Software.Comercial.Credito.Contrato\Software.Comercial.Credito.Contrato.csproj", "{154C1E52-576F-4F1D-9CFA-D0F2EE46A67E}"
EndProject
Project("{FAE04EC0-301F-11D3-BF4B-00C04F79EFBC}") = "Software.Comercial.Credito.Implementacion", "Software.Comercial.Credito.Implementacion\Software.Comercial.Credito.Implementacion.csproj", "{AF0B7928-6257-4EEE-AA49-67B63BB01E82}"
EndProject
Project("{FAE04EC0-301F-11D3-BF4B-00C04F79EFBC}") = "Sofware.Comercio.Creditos.Fachada", "Sofware.Comercio.Creditos.Fachada\Sofware.Comercio.Creditos.Fachada.csproj", "{5F66DFAF-B055-4239-B01B-D1C17AF7F743}"
EndProject
Project("{FAE04EC0-301F-11D3-BF4B-00C04F79EFBC}") = "Software.Comercial.Credito.ContratoRepositorio", "Software.Comercial.Credito.ContratoRepositorio\Software.Comercial.Credito.ContratoRepositorio.csproj", "{B76590BA-FE55-4C77-96E2-925AE3927807}"
EndProject
Project("{FAE04EC0-301F-11D3-BF4B-00C04F79EFBC}") = "Software.Comercial.Credito.SqlRepositorio", "Software.Comercial.Credito.SqlRepositorio\Software.Comercial.Credito.SqlRepositorio.csproj", "{26E5CB3F-BEB5-4F8C-A2DF-A4682E6F7E86}"
EndProject
Global
	GlobalSection(SolutionConfigurationPlatforms) = preSolution
		Debug|Any CPU = Debug|Any CPU
		Debug|ARM = Debug|ARM
		Debug|ARM64 = Debug|ARM64
		Debug|x64 = Debug|x64
		Debug|x86 = Debug|x86
		Release|Any CPU = Release|Any CPU
		Release|ARM = Release|ARM
		Release|ARM64 = Release|ARM64
		Release|x64 = Release|x64
		Release|x86 = Release|x86
	EndGlobalSection
	GlobalSection(ProjectConfigurationPlatforms) = postSolution
		{7476C855-215A-4F52-B376-87626C4CDCEB}.Debug|Any CPU.ActiveCfg = Debug|Any CPU
		{7476C855-215A-4F52-B376-87626C4CDCEB}.Debug|Any CPU.Build.0 = Debug|Any CPU
		{7476C855-215A-4F52-B376-87626C4CDCEB}.Debug|ARM.ActiveCfg = Debug|Any CPU
		{7476C855-215A-4F52-B376-87626C4CDCEB}.Debug|ARM.Build.0 = Debug|Any CPU
		{7476C855-215A-4F52-B376-87626C4CDCEB}.Debug|ARM64.ActiveCfg = Debug|Any CPU
		{7476C855-215A-4F52-B376-87626C4CDCEB}.Debug|ARM64.Build.0 = Debug|Any CPU
		{7476C855-215A-4F52-B376-87626C4CDCEB}.Debug|x64.ActiveCfg = Debug|Any CPU
		{7476C855-215A-4F52-B376-87626C4CDCEB}.Debug|x64.Build.0 = Debug|Any CPU
		{7476C855-215A-4F52-B376-87626C4CDCEB}.Debug|x86.ActiveCfg = Debug|Any CPU
		{7476C855-215A-4F52-B376-87626C4CDCEB}.Debug|x86.Build.0 = Debug|Any CPU
		{7476C855-215A-4F52-B376-87626C4CDCEB}.Release|Any CPU.ActiveCfg = Release|Any CPU
		{7476C855-215A-4F52-B376-87626C4CDCEB}.Release|Any CPU.Build.0 = Release|Any CPU
		{7476C855-215A-4F52-B376-87626C4CDCEB}.Release|ARM.ActiveCfg = Release|Any CPU
		{7476C855-215A-4F52-B376-87626C4CDCEB}.Release|ARM.Build.0 = Release|Any CPU
		{7476C855-215A-4F52-B376-87626C4CDCEB}.Release|ARM64.ActiveCfg = Release|Any CPU
		{7476C855-215A-4F52-B376-87626C4CDCEB}.Release|ARM64.Build.0 = Release|Any CPU
		{7476C855-215A-4F52-B376-87626C4CDCEB}.Release|x64.ActiveCfg = Release|Any CPU
		{7476C855-215A-4F52-B376-87626C4CDCEB}.Release|x64.Build.0 = Release|Any CPU
		{7476C855-215A-4F52-B376-87626C4CDCEB}.Release|x86.ActiveCfg = Release|Any CPU
		{7476C855-215A-4F52-B376-87626C4CDCEB}.Release|x86.Build.0 = Release|Any CPU
		{633D7E06-EFFF-475F-A40B-5E11D51F2765}.Debug|Any CPU.ActiveCfg = Debug|Any CPU
		{633D7E06-EFFF-475F-A40B-5E11D51F2765}.Debug|Any CPU.Build.0 = Debug|Any CPU
		{633D7E06-EFFF-475F-A40B-5E11D51F2765}.Debug|ARM.ActiveCfg = Debug|Any CPU
		{633D7E06-EFFF-475F-A40B-5E11D51F2765}.Debug|ARM.Build.0 = Debug|Any CPU
		{633D7E06-EFFF-475F-A40B-5E11D51F2765}.Debug|ARM64.ActiveCfg = Debug|Any CPU
		{633D7E06-EFFF-475F-A40B-5E11D51F2765}.Debug|ARM64.Build.0 = Debug|Any CPU
		{633D7E06-EFFF-475F-A40B-5E11D51F2765}.Debug|x64.ActiveCfg = Debug|Any CPU
		{633D7E06-EFFF-475F-A40B-5E11D51F2765}.Debug|x64.Build.0 = Debug|Any CPU
		{633D7E06-EFFF-475F-A40B-5E11D51F2765}.Debug|x86.ActiveCfg = Debug|Any CPU
		{633D7E06-EFFF-475F-A40B-5E11D51F2765}.Debug|x86.Build.0 = Debug|Any CPU
		{633D7E06-EFFF-475F-A40B-5E11D51F2765}.Release|Any CPU.ActiveCfg = Release|Any CPU
		{633D7E06-EFFF-475F-A40B-5E11D51F2765}.Release|Any CPU.Build.0 = Release|Any CPU
		{633D7E06-EFFF-475F-A40B-5E11D51F2765}.Release|ARM.ActiveCfg = Release|Any CPU
		{633D7E06-EFFF-475F-A40B-5E11D51F2765}.Release|ARM.Build.0 = Release|Any CPU
		{633D7E06-EFFF-475F-A40B-5E11D51F2765}.Release|ARM64.ActiveCfg = Release|Any CPU
		{633D7E06-EFFF-475F-A40B-5E11D51F2765}.Release|ARM64.Build.0 = Release|Any CPU
		{633D7E06-EFFF-475F-A40B-5E11D51F2765}.Release|x64.ActiveCfg = Release|Any CPU
		{633D7E06-EFFF-475F-A40B-5E11D51F2765}.Release|x64.Build.0 = Release|Any CPU
		{633D7E06-EFFF-475F-A40B-5E11D51F2765}.Release|x86.ActiveCfg = Release|Any CPU
		{633D7E06-EFFF-475F-A40B-5E11D51F2765}.Release|x86.Build.0 = Release|Any CPU
		{154C1E52-576F-4F1D-9CFA-D0F2EE46A67E}.Debug|Any CPU.ActiveCfg = Debug|Any CPU
		{154C1E52-576F-4F1D-9CFA-D0F2EE46A67E}.Debug|Any CPU.Build.0 = Debug|Any CPU
		{154C1E52-576F-4F1D-9CFA-D0F2EE46A67E}.Debug|ARM.ActiveCfg = Debug|Any CPU
		{154C1E52-576F-4F1D-9CFA-D0F2EE46A67E}.Debug|ARM.Build.0 = Debug|Any CPU
		{154C1E52-576F-4F1D-9CFA-D0F2EE46A67E}.Debug|ARM64.ActiveCfg = Debug|Any CPU
		{154C1E52-576F-4F1D-9CFA-D0F2EE46A67E}.Debug|ARM64.Build.0 = Debug|Any CPU
		{154C1E52-576F-4F1D-9CFA-D0F2EE46A67E}.Debug|x64.ActiveCfg = Debug|Any CPU
		{154C1E52-576F-4F1D-9CFA-D0F2EE46A67E}.Debug|x64.Build.0 = Debug|Any CPU
		{154C1E52-576F-4F1D-9CFA-D0F2EE46A67E}.Debug|x86.ActiveCfg = Debug|Any CPU
		{154C1E52-576F-4F1D-9CFA-D0F2EE46A67E}.Debug|x86.Build.0 = Debug|Any CPU
		{154C1E52-576F-4F1D-9CFA-D0F2EE46A67E}.Release|Any CPU.ActiveCfg = Release|Any CPU
		{154C1E52-576F-4F1D-9CFA-D0F2EE46A67E}.Release|Any CPU.Build.0 = Release|Any CPU
		{154C1E52-576F-4F1D-9CFA-D0F2EE46A67E}.Release|ARM.ActiveCfg = Release|Any CPU
		{154C1E52-576F-4F1D-9CFA-D0F2EE46A67E}.Release|ARM.Build.0 = Release|Any CPU
		{154C1E52-576F-4F1D-9CFA-D0F2EE46A67E}.Release|ARM64.ActiveCfg = Release|Any CPU
		{154C1E52-576F-4F1D-9CFA-D0F2EE46A67E}.Release|ARM64.Build.0 = Release|Any CPU
		{154C1E52-576F-4F1D-9CFA-D0F2EE46A67E}.Release|x64.ActiveCfg = Release|Any CPU
		{154C1E52-576F-4F1D-9CFA-D0F2EE46A67E}.Release|x64.Build.0 = Release|Any CPU
		{154C1E52-576F-4F1D-9CFA-D0F2EE46A67E}.Release|x86.ActiveCfg = Release|Any CPU
		{154C1E52-576F-4F1D-9CFA-D0F2EE46A67E}.Release|x86.Build.0 = Release|Any CPU
		{AF0B7928-6257-4EEE-AA49-67B63BB01E82}.Debug|Any CPU.ActiveCfg = Debug|Any CPU
		{AF0B7928-6257-4EEE-AA49-67B63BB01E82}.Debug|Any CPU.Build.0 = Debug|Any CPU
		{AF0B7928-6257-4EEE-AA49-67B63BB01E82}.Debug|ARM.ActiveCfg = Debug|Any CPU
		{AF0B7928-6257-4EEE-AA49-67B63BB01E82}.Debug|ARM.Build.0 = Debug|Any CPU
		{AF0B7928-6257-4EEE-AA49-67B63BB01E82}.Debug|ARM64.ActiveCfg = Debug|Any CPU
		{AF0B7928-6257-4EEE-AA49-67B63BB01E82}.Debug|ARM64.Build.0 = Debug|Any CPU
		{AF0B7928-6257-4EEE-AA49-67B63BB01E82}.Debug|x64.ActiveCfg = Debug|Any CPU
		{AF0B7928-6257-4EEE-AA49-67B63BB01E82}.Debug|x64.Build.0 = Debug|Any CPU
		{AF0B7928-6257-4EEE-AA49-67B63BB01E82}.Debug|x86.ActiveCfg = Debug|Any CPU
		{AF0B7928-6257-4EEE-AA49-67B63BB01E82}.Debug|x86.Build.0 = Debug|Any CPU
		{AF0B7928-6257-4EEE-AA49-67B63BB01E82}.Release|Any CPU.ActiveCfg = Release|Any CPU
		{AF0B7928-6257-4EEE-AA49-67B63BB01E82}.Release|Any CPU.Build.0 = Release|Any CPU
		{AF0B7928-6257-4EEE-AA49-67B63BB01E82}.Release|ARM.ActiveCfg = Release|Any CPU
		{AF0B7928-6257-4EEE-AA49-67B63BB01E82}.Release|ARM.Build.0 = Release|Any CPU
		{AF0B7928-6257-4EEE-AA49-67B63BB01E82}.Release|ARM64.ActiveCfg = Release|Any CPU
		{AF0B7928-6257-4EEE-AA49-67B63BB01E82}.Release|ARM64.Build.0 = Release|Any CPU
		{AF0B7928-6257-4EEE-AA49-67B63BB01E82}.Release|x64.ActiveCfg = Release|Any CPU
		{AF0B7928-6257-4EEE-AA49-67B63BB01E82}.Release|x64.Build.0 = Release|Any CPU
		{AF0B7928-6257-4EEE-AA49-67B63BB01E82}.Release|x86.ActiveCfg = Release|Any CPU
		{AF0B7928-6257-4EEE-AA49-67B63BB01E82}.Release|x86.Build.0 = Release|Any CPU
		{5F66DFAF-B055-4239-B01B-D1C17AF7F743}.Debug|Any CPU.ActiveCfg = Debug|Any CPU
		{5F66DFAF-B055-4239-B01B-D1C17AF7F743}.Debug|Any CPU.Build.0 = Debug|Any CPU
		{5F66DFAF-B055-4239-B01B-D1C17AF7F743}.Debug|ARM.ActiveCfg = Debug|Any CPU
		{5F66DFAF-B055-4239-B01B-D1C17AF7F743}.Debug|ARM.Build.0 = Debug|Any CPU
		{5F66DFAF-B055-4239-B01B-D1C17AF7F743}.Debug|ARM64.ActiveCfg = Debug|Any CPU
		{5F66DFAF-B055-4239-B01B-D1C17AF7F743}.Debug|ARM64.Build.0 = Debug|Any CPU
		{5F66DFAF-B055-4239-B01B-D1C17AF7F743}.Debug|x64.ActiveCfg = Debug|Any CPU
		{5F66DFAF-B055-4239-B01B-D1C17AF7F743}.Debug|x64.Build.0 = Debug|Any CPU
		{5F66DFAF-B055-4239-B01B-D1C17AF7F743}.Debug|x86.ActiveCfg = Debug|Any CPU
		{5F66DFAF-B055-4239-B01B-D1C17AF7F743}.Debug|x86.Build.0 = Debug|Any CPU
		{5F66DFAF-B055-4239-B01B-D1C17AF7F743}.Release|Any CPU.ActiveCfg = Release|Any CPU
		{5F66DFAF-B055-4239-B01B-D1C17AF7F743}.Release|Any CPU.Build.0 = Release|Any CPU
		{5F66DFAF-B055-4239-B01B-D1C17AF7F743}.Release|ARM.ActiveCfg = Release|Any CPU
		{5F66DFAF-B055-4239-B01B-D1C17AF7F743}.Release|ARM.Build.0 = Release|Any CPU
		{5F66DFAF-B055-4239-B01B-D1C17AF7F743}.Release|ARM64.ActiveCfg = Release|Any CPU
		{5F66DFAF-B055-4239-B01B-D1C17AF7F743}.Release|ARM64.Build.0 = Release|Any CPU
		{5F66DFAF-B055-4239-B01B-D1C17AF7F743}.Release|x64.ActiveCfg = Release|Any CPU
		{5F66DFAF-B055-4239-B01B-D1C17AF7F743}.Release|x64.Build.0 = Release|Any CPU
		{5F66DFAF-B055-4239-B01B-D1C17AF7F743}.Release|x86.ActiveCfg = Release|Any CPU
		{5F66DFAF-B055-4239-B01B-D1C17AF7F743}.Release|x86.Build.0 = Release|Any CPU
		{B76590BA-FE55-4C77-96E2-925AE3927807}.Debug|Any CPU.ActiveCfg = Debug|Any CPU
		{B76590BA-FE55-4C77-96E2-925AE3927807}.Debug|Any CPU.Build.0 = Debug|Any CPU
		{B76590BA-FE55-4C77-96E2-925AE3927807}.Debug|ARM.ActiveCfg = Debug|Any CPU
		{B76590BA-FE55-4C77-96E2-925AE3927807}.Debug|ARM.Build.0 = Debug|Any CPU
		{B76590BA-FE55-4C77-96E2-925AE3927807}.Debug|ARM64.ActiveCfg = Debug|Any CPU
		{B76590BA-FE55-4C77-96E2-925AE3927807}.Debug|ARM64.Build.0 = Debug|Any CPU
		{B76590BA-FE55-4C77-96E2-925AE3927807}.Debug|x64.ActiveCfg = Debug|Any CPU
		{B76590BA-FE55-4C77-96E2-925AE3927807}.Debug|x64.Build.0 = Debug|Any CPU
		{B76590BA-FE55-4C77-96E2-925AE3927807}.Debug|x86.ActiveCfg = Debug|Any CPU
		{B76590BA-FE55-4C77-96E2-925AE3927807}.Debug|x86.Build.0 = Debug|Any CPU
		{B76590BA-FE55-4C77-96E2-925AE3927807}.Release|Any CPU.ActiveCfg = Release|Any CPU
		{B76590BA-FE55-4C77-96E2-925AE3927807}.Release|Any CPU.Build.0 = Release|Any CPU
		{B76590BA-FE55-4C77-96E2-925AE3927807}.Release|ARM.ActiveCfg = Release|Any CPU
		{B76590BA-FE55-4C77-96E2-925AE3927807}.Release|ARM.Build.0 = Release|Any CPU
		{B76590BA-FE55-4C77-96E2-925AE3927807}.Release|ARM64.ActiveCfg = Release|Any CPU
		{B76590BA-FE55-4C77-96E2-925AE3927807}.Release|ARM64.Build.0 = Release|Any CPU
		{B76590BA-FE55-4C77-96E2-925AE3927807}.Release|x64.ActiveCfg = Release|Any CPU
		{B76590BA-FE55-4C77-96E2-925AE3927807}.Release|x64.Build.0 = Release|Any CPU
		{B76590BA-FE55-4C77-96E2-925AE3927807}.Release|x86.ActiveCfg = Release|Any CPU
		{B76590BA-FE55-4C77-96E2-925AE3927807}.Release|x86.Build.0 = Release|Any CPU
		{26E5CB3F-BEB5-4F8C-A2DF-A4682E6F7E86}.Debug|Any CPU.ActiveCfg = Debug|Any CPU
		{26E5CB3F-BEB5-4F8C-A2DF-A4682E6F7E86}.Debug|Any CPU.Build.0 = Debug|Any CPU
		{26E5CB3F-BEB5-4F8C-A2DF-A4682E6F7E86}.Debug|ARM.ActiveCfg = Debug|Any CPU
		{26E5CB3F-BEB5-4F8C-A2DF-A4682E6F7E86}.Debug|ARM.Build.0 = Debug|Any CPU
		{26E5CB3F-BEB5-4F8C-A2DF-A4682E6F7E86}.Debug|ARM64.ActiveCfg = Debug|Any CPU
		{26E5CB3F-BEB5-4F8C-A2DF-A4682E6F7E86}.Debug|ARM64.Build.0 = Debug|Any CPU
		{26E5CB3F-BEB5-4F8C-A2DF-A4682E6F7E86}.Debug|x64.ActiveCfg = Debug|Any CPU
		{26E5CB3F-BEB5-4F8C-A2DF-A4682E6F7E86}.Debug|x64.Build.0 = Debug|Any CPU
		{26E5CB3F-BEB5-4F8C-A2DF-A4682E6F7E86}.Debug|x86.ActiveCfg = Debug|Any CPU
		{26E5CB3F-BEB5-4F8C-A2DF-A4682E6F7E86}.Debug|x86.Build.0 = Debug|Any CPU
		{26E5CB3F-BEB5-4F8C-A2DF-A4682E6F7E86}.Release|Any CPU.ActiveCfg = Release|Any CPU
		{26E5CB3F-BEB5-4F8C-A2DF-A4682E6F7E86}.Release|Any CPU.Build.0 = Release|Any CPU
		{26E5CB3F-BEB5-4F8C-A2DF-A4682E6F7E86}.Release|ARM.ActiveCfg = Release|Any CPU
		{26E5CB3F-BEB5-4F8C-A2DF-A4682E6F7E86}.Release|ARM.Build.0 = Release|Any CPU
		{26E5CB3F-BEB5-4F8C-A2DF-A4682E6F7E86}.Release|ARM64.ActiveCfg = Release|Any CPU
		{26E5CB3F-BEB5-4F8C-A2DF-A4682E6F7E86}.Release|ARM64.Build.0 = Release|Any CPU
		{26E5CB3F-BEB5-4F8C-A2DF-A4682E6F7E86}.Release|x64.ActiveCfg = Release|Any CPU
		{26E5CB3F-BEB5-4F8C-A2DF-A4682E6F7E86}.Release|x64.Build.0 = Release|Any CPU
		{26E5CB3F-BEB5-4F8C-A2DF-A4682E6F7E86}.Release|x86.ActiveCfg = Release|Any CPU
		{26E5CB3F-BEB5-4F8C-A2DF-A4682E6F7E86}.Release|x86.Build.0 = Release|Any CPU
	EndGlobalSection
	GlobalSection(SolutionProperties) = preSolution
		HideSolutionNode = FALSE
	EndGlobalSection
	GlobalSection(NestedProjects) = preSolution
		{7476C855-215A-4F52-B376-87626C4CDCEB} = {597B9C89-8E3F-4118-A58D-3CF77F23C1E7}
		{633D7E06-EFFF-475F-A40B-5E11D51F2765} = {20FEBA23-AC9F-42C6-A1FB-2B4A4FFB1093}
		{154C1E52-576F-4F1D-9CFA-D0F2EE46A67E} = {597B9C89-8E3F-4118-A58D-3CF77F23C1E7}
		{AF0B7928-6257-4EEE-AA49-67B63BB01E82} = {597B9C89-8E3F-4118-A58D-3CF77F23C1E7}
		{5F66DFAF-B055-4239-B01B-D1C17AF7F743} = {20FEBA23-AC9F-42C6-A1FB-2B4A4FFB1093}
		{B76590BA-FE55-4C77-96E2-925AE3927807} = {20FEBA23-AC9F-42C6-A1FB-2B4A4FFB1093}
		{26E5CB3F-BEB5-4F8C-A2DF-A4682E6F7E86} = {53001F2F-541D-46EF-A56F-42E74A273A74}
	EndGlobalSection
	GlobalSection(ExtensibilityGlobals) = postSolution
		SolutionGuid = {BFABCBCD-5C46-4E3D-94BD-FA7A320B6BB7}
	EndGlobalSection
EndGlobal
